
Microsoft Visual Studio Solution File, Format Version 12.00
# Visual Studio Version 17
VisualStudioVersion = 17.4.33403.182
MinimumVisualStudioVersion = 10.0.40219.1
Project("{9A19103F-16F7-4668-BE54-9A1E7A4F7556}") = "FactoryMethod", "FactoryMethod\FactoryMethod.csproj", "{D867740C-5B16-4E80-9B08-8E40B7AD1D93}"
EndProject
Project("{9A19103F-16F7-4668-BE54-9A1E7A4F7556}") = "AbstractFactory", "AbstractFactory\AbstractFactory.csproj", "{F87AAA28-A34E-4043-8F08-FBF44C4C632E}"
EndProject
Project("{9A19103F-16F7-4668-BE54-9A1E7A4F7556}") = "Bulder", "Bulder\Bulder.csproj", "{E9AE4B8A-523F-48E1-99A6-87FACA6D7481}"
EndProject
Project("{9A19103F-16F7-4668-BE54-9A1E7A4F7556}") = "ObjectAdapter", "Adapter\ObjectAdapter.csproj", "{2CFF7A54-C2B6-448B-AAE1-FA2A8E702B45}"
EndProject
Project("{9A19103F-16F7-4668-BE54-9A1E7A4F7556}") = "ClassAdapter", "ClassAdapter\ClassAdapter.csproj", "{566686F0-855A-4B7B-BFC9-0B361A1086D2}"
EndProject
Project("{9A19103F-16F7-4668-BE54-9A1E7A4F7556}") = "Prototype", "Prototype\Prototype.csproj", "{FC614A1F-999F-4AF2-9D5C-6B3BB9316E87}"
EndProject
Project("{9A19103F-16F7-4668-BE54-9A1E7A4F7556}") = "Composite", "Composite\Composite.csproj", "{3E2C61ED-93D3-490C-8027-3FECBE6E32CF}"
EndProject
Project("{9A19103F-16F7-4668-BE54-9A1E7A4F7556}") = "Decorator", "Decorator\Decorator.csproj", "{F3592F2E-D8BD-495A-8CD5-7364A4BD26BD}"
EndProject
Project("{9A19103F-16F7-4668-BE54-9A1E7A4F7556}") = "Bridge", "Bridge\Bridge.csproj", "{9AE81849-0561-49F3-9656-9644BB535A87}"
EndProject
Project("{FAE04EC0-301F-11D3-BF4B-00C04F79EFBC}") = "Proxy", "Proxy\Proxy.csproj", "{A428A614-F9C3-4C53-83A2-6479A24F4076}"
EndProject
Project("{FAE04EC0-301F-11D3-BF4B-00C04F79EFBC}") = "State", "State\State.csproj", "{6F20FC07-EAB6-4B9E-8F98-254163EFA39E}"
EndProject
Global
	GlobalSection(SolutionConfigurationPlatforms) = preSolution
		Debug|Any CPU = Debug|Any CPU
		Release|Any CPU = Release|Any CPU
	EndGlobalSection
	GlobalSection(ProjectConfigurationPlatforms) = postSolution
		{D867740C-5B16-4E80-9B08-8E40B7AD1D93}.Debug|Any CPU.ActiveCfg = Debug|Any CPU
		{D867740C-5B16-4E80-9B08-8E40B7AD1D93}.Debug|Any CPU.Build.0 = Debug|Any CPU
		{D867740C-5B16-4E80-9B08-8E40B7AD1D93}.Release|Any CPU.ActiveCfg = Release|Any CPU
		{D867740C-5B16-4E80-9B08-8E40B7AD1D93}.Release|Any CPU.Build.0 = Release|Any CPU
		{F87AAA28-A34E-4043-8F08-FBF44C4C632E}.Debug|Any CPU.ActiveCfg = Debug|Any CPU
		{F87AAA28-A34E-4043-8F08-FBF44C4C632E}.Debug|Any CPU.Build.0 = Debug|Any CPU
		{F87AAA28-A34E-4043-8F08-FBF44C4C632E}.Release|Any CPU.ActiveCfg = Release|Any CPU
		{F87AAA28-A34E-4043-8F08-FBF44C4C632E}.Release|Any CPU.Build.0 = Release|Any CPU
		{E9AE4B8A-523F-48E1-99A6-87FACA6D7481}.Debug|Any CPU.ActiveCfg = Debug|Any CPU
		{E9AE4B8A-523F-48E1-99A6-87FACA6D7481}.Debug|Any CPU.Build.0 = Debug|Any CPU
		{E9AE4B8A-523F-48E1-99A6-87FACA6D7481}.Release|Any CPU.ActiveCfg = Release|Any CPU
		{E9AE4B8A-523F-48E1-99A6-87FACA6D7481}.Release|Any CPU.Build.0 = Release|Any CPU
		{2CFF7A54-C2B6-448B-AAE1-FA2A8E702B45}.Debug|Any CPU.ActiveCfg = Debug|Any CPU
		{2CFF7A54-C2B6-448B-AAE1-FA2A8E702B45}.Debug|Any CPU.Build.0 = Debug|Any CPU
		{2CFF7A54-C2B6-448B-AAE1-FA2A8E702B45}.Release|Any CPU.ActiveCfg = Release|Any CPU
		{2CFF7A54-C2B6-448B-AAE1-FA2A8E702B45}.Release|Any CPU.Build.0 = Release|Any CPU
		{566686F0-855A-4B7B-BFC9-0B361A1086D2}.Debug|Any CPU.ActiveCfg = Debug|Any CPU
		{566686F0-855A-4B7B-BFC9-0B361A1086D2}.Debug|Any CPU.Build.0 = Debug|Any CPU
		{566686F0-855A-4B7B-BFC9-0B361A1086D2}.Release|Any CPU.ActiveCfg = Release|Any CPU
		{566686F0-855A-4B7B-BFC9-0B361A1086D2}.Release|Any CPU.Build.0 = Release|Any CPU
		{FC614A1F-999F-4AF2-9D5C-6B3BB9316E87}.Debug|Any CPU.ActiveCfg = Debug|Any CPU
		{FC614A1F-999F-4AF2-9D5C-6B3BB9316E87}.Debug|Any CPU.Build.0 = Debug|Any CPU
		{FC614A1F-999F-4AF2-9D5C-6B3BB9316E87}.Release|Any CPU.ActiveCfg = Release|Any CPU
		{FC614A1F-999F-4AF2-9D5C-6B3BB9316E87}.Release|Any CPU.Build.0 = Release|Any CPU
		{3E2C61ED-93D3-490C-8027-3FECBE6E32CF}.Debug|Any CPU.ActiveCfg = Debug|Any CPU
		{3E2C61ED-93D3-490C-8027-3FECBE6E32CF}.Debug|Any CPU.Build.0 = Debug|Any CPU
		{3E2C61ED-93D3-490C-8027-3FECBE6E32CF}.Release|Any CPU.ActiveCfg = Release|Any CPU
		{3E2C61ED-93D3-490C-8027-3FECBE6E32CF}.Release|Any CPU.Build.0 = Release|Any CPU
		{F3592F2E-D8BD-495A-8CD5-7364A4BD26BD}.Debug|Any CPU.ActiveCfg = Debug|Any CPU
		{F3592F2E-D8BD-495A-8CD5-7364A4BD26BD}.Debug|Any CPU.Build.0 = Debug|Any CPU
		{F3592F2E-D8BD-495A-8CD5-7364A4BD26BD}.Release|Any CPU.ActiveCfg = Release|Any CPU
		{F3592F2E-D8BD-495A-8CD5-7364A4BD26BD}.Release|Any CPU.Build.0 = Release|Any CPU
		{9AE81849-0561-49F3-9656-9644BB535A87}.Debug|Any CPU.ActiveCfg = Debug|Any CPU
		{9AE81849-0561-49F3-9656-9644BB535A87}.Debug|Any CPU.Build.0 = Debug|Any CPU
		{9AE81849-0561-49F3-9656-9644BB535A87}.Release|Any CPU.ActiveCfg = Release|Any CPU
		{9AE81849-0561-49F3-9656-9644BB535A87}.Release|Any CPU.Build.0 = Release|Any CPU
		{A428A614-F9C3-4C53-83A2-6479A24F4076}.Debug|Any CPU.ActiveCfg = Debug|Any CPU
		{A428A614-F9C3-4C53-83A2-6479A24F4076}.Debug|Any CPU.Build.0 = Debug|Any CPU
		{A428A614-F9C3-4C53-83A2-6479A24F4076}.Release|Any CPU.ActiveCfg = Release|Any CPU
		{A428A614-F9C3-4C53-83A2-6479A24F4076}.Release|Any CPU.Build.0 = Release|Any CPU
		{6F20FC07-EAB6-4B9E-8F98-254163EFA39E}.Debug|Any CPU.ActiveCfg = Debug|Any CPU
		{6F20FC07-EAB6-4B9E-8F98-254163EFA39E}.Debug|Any CPU.Build.0 = Debug|Any CPU
		{6F20FC07-EAB6-4B9E-8F98-254163EFA39E}.Release|Any CPU.ActiveCfg = Release|Any CPU
		{6F20FC07-EAB6-4B9E-8F98-254163EFA39E}.Release|Any CPU.Build.0 = Release|Any CPU
	EndGlobalSection
	GlobalSection(SolutionProperties) = preSolution
		HideSolutionNode = FALSE
	EndGlobalSection
	GlobalSection(ExtensibilityGlobals) = postSolution
		SolutionGuid = {193ED656-CBD3-4F36-AC1B-20D38A14474E}
	EndGlobalSection
EndGlobal
